
Microsoft Visual Studio Solution File, Format Version 12.00
# Visual Studio 15
VisualStudioVersion = 15.0.27004.2008
MinimumVisualStudioVersion = 10.0.40219.1
Project("{FAE04EC0-301F-11D3-BF4B-00C04F79EFBC}") = "CLR", "CLR\CLR.csproj", "{CD1DDF16-A7E3-4A6F-9C53-1C5ADC22E0D4}"
EndProject
Project("{FAE04EC0-301F-11D3-BF4B-00C04F79EFBC}") = "TracerImplementation", "TracerImplementation\TracerImplementation.csproj", "{E9C5AAEA-3474-41DC-981D-3AF160F160D2}"
EndProject
Project("{FAE04EC0-301F-11D3-BF4B-00C04F79EFBC}") = "WriteMethods", "WriteMethods\WriteMethods.csproj", "{AE187C4E-146D-4FFF-95A5-4803FD9106D6}"
EndProject
Project("{FAE04EC0-301F-11D3-BF4B-00C04F79EFBC}") = "ApplicationPlugins", "AppLicationPlugins\ApplicationPlugins.csproj", "{B2151ACF-7AAF-4E3F-91FC-91A674BEAE28}"
EndProject
Project("{FAE04EC0-301F-11D3-BF4B-00C04F79EFBC}") = "YamlSerializer", "YamlSerializer\YamlSerializer.csproj", "{95154006-D08F-46A9-B0DF-5CB9FA20B852}"
EndProject
Project("{FAE04EC0-301F-11D3-BF4B-00C04F79EFBC}") = "JsonSerializer", "JsonSerializer\JsonSerializer.csproj", "{283D2A9B-3E3C-4FBD-BA35-7791B0F69909}"
EndProject
Project("{FAE04EC0-301F-11D3-BF4B-00C04F79EFBC}") = "XmlSerializer", "XmlSerializer\XmlSerializer.csproj", "{C508D838-70B2-4E08-8A18-744DF4391917}"
EndProject
Project("{FAE04EC0-301F-11D3-BF4B-00C04F79EFBC}") = "TraceResultFormatter", "TraceResultFormatter\TraceResultFormatter.csproj", "{9AAE88BD-1FB4-44AE-A984-F70EA3EEA912}"
EndProject
Global
	GlobalSection(SolutionConfigurationPlatforms) = preSolution
		Debug|Any CPU = Debug|Any CPU
		Release|Any CPU = Release|Any CPU
	EndGlobalSection
	GlobalSection(ProjectConfigurationPlatforms) = postSolution
		{CD1DDF16-A7E3-4A6F-9C53-1C5ADC22E0D4}.Debug|Any CPU.ActiveCfg = Debug|Any CPU
		{CD1DDF16-A7E3-4A6F-9C53-1C5ADC22E0D4}.Debug|Any CPU.Build.0 = Debug|Any CPU
		{CD1DDF16-A7E3-4A6F-9C53-1C5ADC22E0D4}.Release|Any CPU.ActiveCfg = Release|Any CPU
		{CD1DDF16-A7E3-4A6F-9C53-1C5ADC22E0D4}.Release|Any CPU.Build.0 = Release|Any CPU
		{E9C5AAEA-3474-41DC-981D-3AF160F160D2}.Debug|Any CPU.ActiveCfg = Debug|Any CPU
		{E9C5AAEA-3474-41DC-981D-3AF160F160D2}.Debug|Any CPU.Build.0 = Debug|Any CPU
		{E9C5AAEA-3474-41DC-981D-3AF160F160D2}.Release|Any CPU.ActiveCfg = Release|Any CPU
		{E9C5AAEA-3474-41DC-981D-3AF160F160D2}.Release|Any CPU.Build.0 = Release|Any CPU
		{AE187C4E-146D-4FFF-95A5-4803FD9106D6}.Debug|Any CPU.ActiveCfg = Debug|Any CPU
		{AE187C4E-146D-4FFF-95A5-4803FD9106D6}.Debug|Any CPU.Build.0 = Debug|Any CPU
		{AE187C4E-146D-4FFF-95A5-4803FD9106D6}.Release|Any CPU.ActiveCfg = Release|Any CPU
		{AE187C4E-146D-4FFF-95A5-4803FD9106D6}.Release|Any CPU.Build.0 = Release|Any CPU
		{B2151ACF-7AAF-4E3F-91FC-91A674BEAE28}.Debug|Any CPU.ActiveCfg = Debug|Any CPU
		{B2151ACF-7AAF-4E3F-91FC-91A674BEAE28}.Debug|Any CPU.Build.0 = Debug|Any CPU
		{B2151ACF-7AAF-4E3F-91FC-91A674BEAE28}.Release|Any CPU.ActiveCfg = Release|Any CPU
		{B2151ACF-7AAF-4E3F-91FC-91A674BEAE28}.Release|Any CPU.Build.0 = Release|Any CPU
		{95154006-D08F-46A9-B0DF-5CB9FA20B852}.Debug|Any CPU.ActiveCfg = Debug|Any CPU
		{95154006-D08F-46A9-B0DF-5CB9FA20B852}.Debug|Any CPU.Build.0 = Debug|Any CPU
		{95154006-D08F-46A9-B0DF-5CB9FA20B852}.Release|Any CPU.ActiveCfg = Release|Any CPU
		{95154006-D08F-46A9-B0DF-5CB9FA20B852}.Release|Any CPU.Build.0 = Release|Any CPU
		{283D2A9B-3E3C-4FBD-BA35-7791B0F69909}.Debug|Any CPU.ActiveCfg = Debug|Any CPU
		{283D2A9B-3E3C-4FBD-BA35-7791B0F69909}.Debug|Any CPU.Build.0 = Debug|Any CPU
		{283D2A9B-3E3C-4FBD-BA35-7791B0F69909}.Release|Any CPU.ActiveCfg = Release|Any CPU
		{283D2A9B-3E3C-4FBD-BA35-7791B0F69909}.Release|Any CPU.Build.0 = Release|Any CPU
		{C508D838-70B2-4E08-8A18-744DF4391917}.Debug|Any CPU.ActiveCfg = Debug|Any CPU
		{C508D838-70B2-4E08-8A18-744DF4391917}.Debug|Any CPU.Build.0 = Debug|Any CPU
		{C508D838-70B2-4E08-8A18-744DF4391917}.Release|Any CPU.ActiveCfg = Release|Any CPU
		{C508D838-70B2-4E08-8A18-744DF4391917}.Release|Any CPU.Build.0 = Release|Any CPU
		{9AAE88BD-1FB4-44AE-A984-F70EA3EEA912}.Debug|Any CPU.ActiveCfg = Debug|Any CPU
		{9AAE88BD-1FB4-44AE-A984-F70EA3EEA912}.Debug|Any CPU.Build.0 = Debug|Any CPU
		{9AAE88BD-1FB4-44AE-A984-F70EA3EEA912}.Release|Any CPU.ActiveCfg = Release|Any CPU
		{9AAE88BD-1FB4-44AE-A984-F70EA3EEA912}.Release|Any CPU.Build.0 = Release|Any CPU
	EndGlobalSection
	GlobalSection(SolutionProperties) = preSolution
		HideSolutionNode = FALSE
	EndGlobalSection
	GlobalSection(ExtensibilityGlobals) = postSolution
		SolutionGuid = {9B3B7CFF-7A08-449D-9183-8E07EF8DD294}
	EndGlobalSection
EndGlobal
